
Microsoft Visual Studio Solution File, Format Version 12.00
# Visual Studio Version 16
VisualStudioVersion = 16.0.33328.57
MinimumVisualStudioVersion = 10.0.40219.1
Project("{FAE04EC0-301F-11D3-BF4B-00C04F79EFBC}") = "Taskmasker", "Taskmasker.csproj", "{9DDBED45-C5B2-4D40-B38A-3012D021D91A}"
EndProject
Global
	GlobalSection(SolutionConfigurationPlatforms) = preSolution
		Debug|Any CPU = Debug|Any CPU
		Release|Any CPU = Release|Any CPU
	EndGlobalSection
	GlobalSection(ProjectConfigurationPlatforms) = postSolution
		{9DDBED45-C5B2-4D40-B38A-3012D021D91A}.Debug|Any CPU.ActiveCfg = Debug|Any CPU
		{9DDBED45-C5B2-4D40-B38A-3012D021D91A}.Debug|Any CPU.Build.0 = Debug|Any CPU
		{9DDBED45-C5B2-4D40-B38A-3012D021D91A}.Release|Any CPU.ActiveCfg = Release|Any CPU
		{9DDBED45-C5B2-4D40-B38A-3012D021D91A}.Release|Any CPU.Build.0 = Release|Any CPU
	EndGlobalSection
	GlobalSection(SolutionProperties) = preSolution
		HideSolutionNode = FALSE
	EndGlobalSection
	GlobalSection(ExtensibilityGlobals) = postSolution
		SolutionGuid = {B2B03D3B-0830-4478-B90D-DD3DCB341F69}
	EndGlobalSection
EndGlobal
